
Microsoft Visual Studio Solution File, Format Version 12.00
# Visual Studio 14
VisualStudioVersion = 14.0.25420.1
MinimumVisualStudioVersion = 10.0.40219.1
Project("{FAE04EC0-301F-11D3-BF4B-00C04F79EFBC}") = "Webjobs.Extensions.Eventstore", "src\Webjobs.Extensions.Eventstore\Webjobs.Extensions.Eventstore.csproj", "{96AAA96F-C15D-49A5-B871-52B60BD5B39F}"
EndProject
Project("{FAE04EC0-301F-11D3-BF4B-00C04F79EFBC}") = "Webjobs.Extensions.Eventstore.Tests", "src\Webjobs.Extensions.Eventstore.Tests\Webjobs.Extensions.Eventstore.Tests.csproj", "{44D820CB-D6FE-4590-A6CE-0D5AF0FF9854}"
EndProject
Project("{FAE04EC0-301F-11D3-BF4B-00C04F79EFBC}") = "Webjobs.Extensions.Eventstore.Sample", "src\Webjobs.Extensions.Eventstore.Sample\Webjobs.Extensions.Eventstore.Sample.csproj", "{3EFD8E52-842F-4701-8BE2-14431ED73491}"
EndProject
Project("{FAE04EC0-301F-11D3-BF4B-00C04F79EFBC}") = "EventsEmiter", "src\EventsEmiter\EventsEmiter.csproj", "{2B52F34C-2B0C-469F-844C-C59FC68BF7F1}"
EndProject
Global
	GlobalSection(SolutionConfigurationPlatforms) = preSolution
		Debug|Any CPU = Debug|Any CPU
		Release|Any CPU = Release|Any CPU
	EndGlobalSection
	GlobalSection(ProjectConfigurationPlatforms) = postSolution
		{96AAA96F-C15D-49A5-B871-52B60BD5B39F}.Debug|Any CPU.ActiveCfg = Debug|Any CPU
		{96AAA96F-C15D-49A5-B871-52B60BD5B39F}.Debug|Any CPU.Build.0 = Debug|Any CPU
		{96AAA96F-C15D-49A5-B871-52B60BD5B39F}.Release|Any CPU.ActiveCfg = Release|Any CPU
		{96AAA96F-C15D-49A5-B871-52B60BD5B39F}.Release|Any CPU.Build.0 = Release|Any CPU
		{44D820CB-D6FE-4590-A6CE-0D5AF0FF9854}.Debug|Any CPU.ActiveCfg = Debug|Any CPU
		{44D820CB-D6FE-4590-A6CE-0D5AF0FF9854}.Debug|Any CPU.Build.0 = Debug|Any CPU
		{44D820CB-D6FE-4590-A6CE-0D5AF0FF9854}.Release|Any CPU.ActiveCfg = Release|Any CPU
		{44D820CB-D6FE-4590-A6CE-0D5AF0FF9854}.Release|Any CPU.Build.0 = Release|Any CPU
		{3EFD8E52-842F-4701-8BE2-14431ED73491}.Debug|Any CPU.ActiveCfg = Debug|Any CPU
		{3EFD8E52-842F-4701-8BE2-14431ED73491}.Debug|Any CPU.Build.0 = Debug|Any CPU
		{3EFD8E52-842F-4701-8BE2-14431ED73491}.Release|Any CPU.ActiveCfg = Release|Any CPU
		{3EFD8E52-842F-4701-8BE2-14431ED73491}.Release|Any CPU.Build.0 = Release|Any CPU
		{2B52F34C-2B0C-469F-844C-C59FC68BF7F1}.Debug|Any CPU.ActiveCfg = Debug|Any CPU
		{2B52F34C-2B0C-469F-844C-C59FC68BF7F1}.Debug|Any CPU.Build.0 = Debug|Any CPU
		{2B52F34C-2B0C-469F-844C-C59FC68BF7F1}.Release|Any CPU.ActiveCfg = Release|Any CPU
		{2B52F34C-2B0C-469F-844C-C59FC68BF7F1}.Release|Any CPU.Build.0 = Release|Any CPU
	EndGlobalSection
	GlobalSection(SolutionProperties) = preSolution
		HideSolutionNode = FALSE
	EndGlobalSection
EndGlobal
